
Microsoft Visual Studio Solution File, Format Version 12.00
# Visual Studio Version 17
VisualStudioVersion = 17.3.32901.215
MinimumVisualStudioVersion = 10.0.40219.1
Project("{9A19103F-16F7-4668-BE54-9A1E7A4F7556}") = "IS7024WebApplication", "IS7024WebApplication.csproj", "{6F8559C2-69AC-4108-8F76-5345BAAA0B26}"
EndProject
Project("{9A19103F-16F7-4668-BE54-9A1E7A4F7556}") = "WatchNowAPI", "..\WatchNowAPI\WatchNowAPI.csproj", "{62C2B808-0B72-4DB4-B410-632F9ED8F6A9}"
EndProject
Global
	GlobalSection(SolutionConfigurationPlatforms) = preSolution
		Debug|Any CPU = Debug|Any CPU
		Release|Any CPU = Release|Any CPU
	EndGlobalSection
	GlobalSection(ProjectConfigurationPlatforms) = postSolution
		{6F8559C2-69AC-4108-8F76-5345BAAA0B26}.Debug|Any CPU.ActiveCfg = Debug|Any CPU
		{6F8559C2-69AC-4108-8F76-5345BAAA0B26}.Debug|Any CPU.Build.0 = Debug|Any CPU
		{6F8559C2-69AC-4108-8F76-5345BAAA0B26}.Release|Any CPU.ActiveCfg = Release|Any CPU
		{6F8559C2-69AC-4108-8F76-5345BAAA0B26}.Release|Any CPU.Build.0 = Release|Any CPU
		{62C2B808-0B72-4DB4-B410-632F9ED8F6A9}.Debug|Any CPU.ActiveCfg = Debug|Any CPU
		{62C2B808-0B72-4DB4-B410-632F9ED8F6A9}.Debug|Any CPU.Build.0 = Debug|Any CPU
		{62C2B808-0B72-4DB4-B410-632F9ED8F6A9}.Release|Any CPU.ActiveCfg = Release|Any CPU
		{62C2B808-0B72-4DB4-B410-632F9ED8F6A9}.Release|Any CPU.Build.0 = Release|Any CPU
	EndGlobalSection
	GlobalSection(SolutionProperties) = preSolution
		HideSolutionNode = FALSE
	EndGlobalSection
	GlobalSection(ExtensibilityGlobals) = postSolution
		SolutionGuid = {B4AD9577-FE04-4D5F-A6C5-43D8BFA11DB8}
	EndGlobalSection
EndGlobal
